
Microsoft Visual Studio Solution File, Format Version 12.00
# Visual Studio Version 17
VisualStudioVersion = 17.9.34728.123
MinimumVisualStudioVersion = 10.0.40219.1
Project("{FAE04EC0-301F-11D3-BF4B-00C04F79EFBC}") = "Library-System(OOP)", "Library-System(OOP)\Library-System(OOP).csproj", "{06A0705D-7515-452D-B05A-4056C372D310}"
EndProject
Global
	GlobalSection(SolutionConfigurationPlatforms) = preSolution
		Debug|Any CPU = Debug|Any CPU
		Release|Any CPU = Release|Any CPU
	EndGlobalSection
	GlobalSection(ProjectConfigurationPlatforms) = postSolution
		{06A0705D-7515-452D-B05A-4056C372D310}.Debug|Any CPU.ActiveCfg = Debug|Any CPU
		{06A0705D-7515-452D-B05A-4056C372D310}.Debug|Any CPU.Build.0 = Debug|Any CPU
		{06A0705D-7515-452D-B05A-4056C372D310}.Release|Any CPU.ActiveCfg = Release|Any CPU
		{06A0705D-7515-452D-B05A-4056C372D310}.Release|Any CPU.Build.0 = Release|Any CPU
	EndGlobalSection
	GlobalSection(SolutionProperties) = preSolution
		HideSolutionNode = FALSE
	EndGlobalSection
	GlobalSection(ExtensibilityGlobals) = postSolution
		SolutionGuid = {3347A7EB-2E7E-4D47-B80E-014E28E5DC95}
	EndGlobalSection
EndGlobal
