
Microsoft Visual Studio Solution File, Format Version 12.00
# Visual Studio Version 17
VisualStudioVersion = 17.9.34728.123
MinimumVisualStudioVersion = 10.0.40219.1
Project("{FAE04EC0-301F-11D3-BF4B-00C04F79EFBC}") = "Simple-Inventory-System", "Simple-Inventory-System\Simple-Inventory-System.csproj", "{C3F82EB9-460A-4A5E-86D3-838E5D064821}"
EndProject
Global
	GlobalSection(SolutionConfigurationPlatforms) = preSolution
		Debug|Any CPU = Debug|Any CPU
		Release|Any CPU = Release|Any CPU
	EndGlobalSection
	GlobalSection(ProjectConfigurationPlatforms) = postSolution
		{C3F82EB9-460A-4A5E-86D3-838E5D064821}.Debug|Any CPU.ActiveCfg = Debug|Any CPU
		{C3F82EB9-460A-4A5E-86D3-838E5D064821}.Debug|Any CPU.Build.0 = Debug|Any CPU
		{C3F82EB9-460A-4A5E-86D3-838E5D064821}.Release|Any CPU.ActiveCfg = Release|Any CPU
		{C3F82EB9-460A-4A5E-86D3-838E5D064821}.Release|Any CPU.Build.0 = Release|Any CPU
	EndGlobalSection
	GlobalSection(SolutionProperties) = preSolution
		HideSolutionNode = FALSE
	EndGlobalSection
	GlobalSection(ExtensibilityGlobals) = postSolution
		SolutionGuid = {1C5D0E32-C119-4A81-87B2-7BCC8C4DA5A0}
	EndGlobalSection
EndGlobal
