
Microsoft Visual Studio Solution File, Format Version 12.00
# Visual Studio Version 17
VisualStudioVersion = 17.9.34728.123
MinimumVisualStudioVersion = 10.0.40219.1
Project("{FAE04EC0-301F-11D3-BF4B-00C04F79EFBC}") = "Estructuras Repetitivas", "Estructuras Repetitivas\Estructuras Repetitivas.csproj", "{698725AB-8B64-4C57-99C7-84CCB8E04A7B}"
EndProject
Global
	GlobalSection(SolutionConfigurationPlatforms) = preSolution
		Debug|Any CPU = Debug|Any CPU
		Release|Any CPU = Release|Any CPU
	EndGlobalSection
	GlobalSection(ProjectConfigurationPlatforms) = postSolution
		{698725AB-8B64-4C57-99C7-84CCB8E04A7B}.Debug|Any CPU.ActiveCfg = Debug|Any CPU
		{698725AB-8B64-4C57-99C7-84CCB8E04A7B}.Debug|Any CPU.Build.0 = Debug|Any CPU
		{698725AB-8B64-4C57-99C7-84CCB8E04A7B}.Release|Any CPU.ActiveCfg = Release|Any CPU
		{698725AB-8B64-4C57-99C7-84CCB8E04A7B}.Release|Any CPU.Build.0 = Release|Any CPU
	EndGlobalSection
	GlobalSection(SolutionProperties) = preSolution
		HideSolutionNode = FALSE
	EndGlobalSection
	GlobalSection(ExtensibilityGlobals) = postSolution
		SolutionGuid = {B66631F7-9AA5-4B91-82F7-BF40CF703CBB}
	EndGlobalSection
EndGlobal
