
Microsoft Visual Studio Solution File, Format Version 12.00
# Visual Studio Version 17
VisualStudioVersion = 17.9.34728.123
MinimumVisualStudioVersion = 10.0.40219.1
Project("{FAE04EC0-301F-11D3-BF4B-00C04F79EFBC}") = "Shopping-Cart-System", "Shopping-Cart-System\Shopping-Cart-System.csproj", "{66C568B1-1959-4FE8-9D9A-CF6137B11A5C}"
EndProject
Global
	GlobalSection(SolutionConfigurationPlatforms) = preSolution
		Debug|Any CPU = Debug|Any CPU
		Release|Any CPU = Release|Any CPU
	EndGlobalSection
	GlobalSection(ProjectConfigurationPlatforms) = postSolution
		{66C568B1-1959-4FE8-9D9A-CF6137B11A5C}.Debug|Any CPU.ActiveCfg = Debug|Any CPU
		{66C568B1-1959-4FE8-9D9A-CF6137B11A5C}.Debug|Any CPU.Build.0 = Debug|Any CPU
		{66C568B1-1959-4FE8-9D9A-CF6137B11A5C}.Release|Any CPU.ActiveCfg = Release|Any CPU
		{66C568B1-1959-4FE8-9D9A-CF6137B11A5C}.Release|Any CPU.Build.0 = Release|Any CPU
	EndGlobalSection
	GlobalSection(SolutionProperties) = preSolution
		HideSolutionNode = FALSE
	EndGlobalSection
	GlobalSection(ExtensibilityGlobals) = postSolution
		SolutionGuid = {2EB9FB84-358C-48A3-9294-1CD186010D5B}
	EndGlobalSection
EndGlobal
